
Microsoft Visual Studio Solution File, Format Version 12.00
# Visual Studio 15
VisualStudioVersion = 15.0.27703.2047
MinimumVisualStudioVersion = 10.0.40219.1
Project("{FAE04EC0-301F-11D3-BF4B-00C04F79EFBC}") = "Ejercicio63", "Ejercicio63\Ejercicio63.csproj", "{79955541-E2A6-45FC-A9F3-E2B5D8FEED1C}"
EndProject
Global
	GlobalSection(SolutionConfigurationPlatforms) = preSolution
		Debug|Any CPU = Debug|Any CPU
		Release|Any CPU = Release|Any CPU
	EndGlobalSection
	GlobalSection(ProjectConfigurationPlatforms) = postSolution
		{79955541-E2A6-45FC-A9F3-E2B5D8FEED1C}.Debug|Any CPU.ActiveCfg = Debug|Any CPU
		{79955541-E2A6-45FC-A9F3-E2B5D8FEED1C}.Debug|Any CPU.Build.0 = Debug|Any CPU
		{79955541-E2A6-45FC-A9F3-E2B5D8FEED1C}.Release|Any CPU.ActiveCfg = Release|Any CPU
		{79955541-E2A6-45FC-A9F3-E2B5D8FEED1C}.Release|Any CPU.Build.0 = Release|Any CPU
	EndGlobalSection
	GlobalSection(SolutionProperties) = preSolution
		HideSolutionNode = FALSE
	EndGlobalSection
	GlobalSection(ExtensibilityGlobals) = postSolution
		SolutionGuid = {E578B763-C15D-46F7-A9F4-EEB2D2AE1708}
	EndGlobalSection
EndGlobal
