
Microsoft Visual Studio Solution File, Format Version 12.00
# Visual Studio 15
VisualStudioVersion = 15.0.27703.2047
MinimumVisualStudioVersion = 10.0.40219.1
Project("{FAE04EC0-301F-11D3-BF4B-00C04F79EFBC}") = "Ejemplo", "Ejemplo1\Ejemplo.csproj", "{0CCFC1AE-5FDF-4618-981E-FF505E0EABB2}"
EndProject
Project("{FAE04EC0-301F-11D3-BF4B-00C04F79EFBC}") = "EJercicio1", "EJercicio1\EJercicio1.csproj", "{3D553A3C-E4E1-4375-8D75-FF865E728BE4}"
EndProject
Global
	GlobalSection(SolutionConfigurationPlatforms) = preSolution
		Debug|Any CPU = Debug|Any CPU
		Release|Any CPU = Release|Any CPU
	EndGlobalSection
	GlobalSection(ProjectConfigurationPlatforms) = postSolution
		{0CCFC1AE-5FDF-4618-981E-FF505E0EABB2}.Debug|Any CPU.ActiveCfg = Debug|Any CPU
		{0CCFC1AE-5FDF-4618-981E-FF505E0EABB2}.Debug|Any CPU.Build.0 = Debug|Any CPU
		{0CCFC1AE-5FDF-4618-981E-FF505E0EABB2}.Release|Any CPU.ActiveCfg = Release|Any CPU
		{0CCFC1AE-5FDF-4618-981E-FF505E0EABB2}.Release|Any CPU.Build.0 = Release|Any CPU
		{3D553A3C-E4E1-4375-8D75-FF865E728BE4}.Debug|Any CPU.ActiveCfg = Debug|Any CPU
		{3D553A3C-E4E1-4375-8D75-FF865E728BE4}.Debug|Any CPU.Build.0 = Debug|Any CPU
		{3D553A3C-E4E1-4375-8D75-FF865E728BE4}.Release|Any CPU.ActiveCfg = Release|Any CPU
		{3D553A3C-E4E1-4375-8D75-FF865E728BE4}.Release|Any CPU.Build.0 = Release|Any CPU
	EndGlobalSection
	GlobalSection(SolutionProperties) = preSolution
		HideSolutionNode = FALSE
	EndGlobalSection
	GlobalSection(ExtensibilityGlobals) = postSolution
		SolutionGuid = {3F1304C9-33D1-4C3C-9571-3DB7B6C218C0}
	EndGlobalSection
EndGlobal
