
Microsoft Visual Studio Solution File, Format Version 12.00
# Visual Studio 15
VisualStudioVersion = 15.0.27703.2047
MinimumVisualStudioVersion = 10.0.40219.1
Project("{FAE04EC0-301F-11D3-BF4B-00C04F79EFBC}") = "Ejercicio16", "Ejercicio16(Modificado)\Ejercicio16.csproj", "{4075E12A-3283-4591-B0FC-74D3DBB6350E}"
EndProject
Project("{FAE04EC0-301F-11D3-BF4B-00C04F79EFBC}") = "Ejercicio17", "ejercicio17\Ejercicio17.csproj", "{0F82A634-964C-423C-9DD0-EB2FE7027A0F}"
EndProject
Global
	GlobalSection(SolutionConfigurationPlatforms) = preSolution
		Debug|Any CPU = Debug|Any CPU
		Release|Any CPU = Release|Any CPU
	EndGlobalSection
	GlobalSection(ProjectConfigurationPlatforms) = postSolution
		{4075E12A-3283-4591-B0FC-74D3DBB6350E}.Debug|Any CPU.ActiveCfg = Debug|Any CPU
		{4075E12A-3283-4591-B0FC-74D3DBB6350E}.Debug|Any CPU.Build.0 = Debug|Any CPU
		{4075E12A-3283-4591-B0FC-74D3DBB6350E}.Release|Any CPU.ActiveCfg = Release|Any CPU
		{4075E12A-3283-4591-B0FC-74D3DBB6350E}.Release|Any CPU.Build.0 = Release|Any CPU
		{0F82A634-964C-423C-9DD0-EB2FE7027A0F}.Debug|Any CPU.ActiveCfg = Debug|Any CPU
		{0F82A634-964C-423C-9DD0-EB2FE7027A0F}.Debug|Any CPU.Build.0 = Debug|Any CPU
		{0F82A634-964C-423C-9DD0-EB2FE7027A0F}.Release|Any CPU.ActiveCfg = Release|Any CPU
		{0F82A634-964C-423C-9DD0-EB2FE7027A0F}.Release|Any CPU.Build.0 = Release|Any CPU
	EndGlobalSection
	GlobalSection(SolutionProperties) = preSolution
		HideSolutionNode = FALSE
	EndGlobalSection
	GlobalSection(ExtensibilityGlobals) = postSolution
		SolutionGuid = {9493365C-F5CD-428C-8C53-89113C2E0E61}
	EndGlobalSection
EndGlobal
