
Microsoft Visual Studio Solution File, Format Version 12.00
# Visual Studio 15
VisualStudioVersion = 15.0.27703.2047
MinimumVisualStudioVersion = 10.0.40219.1
Project("{FAE04EC0-301F-11D3-BF4B-00C04F79EFBC}") = "Entidades", "Entidades\Entidades.csproj", "{1B66E4F8-6633-428F-817A-343E4423692F}"
EndProject
Project("{FAE04EC0-301F-11D3-BF4B-00C04F79EFBC}") = "CentralitaHerencia", "CentralitaHerencia\CentralitaHerencia.csproj", "{E816F9CA-98C6-402A-9769-895268A77FF7}"
EndProject
Global
	GlobalSection(SolutionConfigurationPlatforms) = preSolution
		Debug|Any CPU = Debug|Any CPU
		Release|Any CPU = Release|Any CPU
	EndGlobalSection
	GlobalSection(ProjectConfigurationPlatforms) = postSolution
		{1B66E4F8-6633-428F-817A-343E4423692F}.Debug|Any CPU.ActiveCfg = Debug|Any CPU
		{1B66E4F8-6633-428F-817A-343E4423692F}.Debug|Any CPU.Build.0 = Debug|Any CPU
		{1B66E4F8-6633-428F-817A-343E4423692F}.Release|Any CPU.ActiveCfg = Release|Any CPU
		{1B66E4F8-6633-428F-817A-343E4423692F}.Release|Any CPU.Build.0 = Release|Any CPU
		{E816F9CA-98C6-402A-9769-895268A77FF7}.Debug|Any CPU.ActiveCfg = Debug|Any CPU
		{E816F9CA-98C6-402A-9769-895268A77FF7}.Debug|Any CPU.Build.0 = Debug|Any CPU
		{E816F9CA-98C6-402A-9769-895268A77FF7}.Release|Any CPU.ActiveCfg = Release|Any CPU
		{E816F9CA-98C6-402A-9769-895268A77FF7}.Release|Any CPU.Build.0 = Release|Any CPU
	EndGlobalSection
	GlobalSection(SolutionProperties) = preSolution
		HideSolutionNode = FALSE
	EndGlobalSection
	GlobalSection(ExtensibilityGlobals) = postSolution
		SolutionGuid = {A164AF38-9053-4DB6-BBE2-D06BD7F0350E}
	EndGlobalSection
EndGlobal
